
Microsoft Visual Studio Solution File, Format Version 12.00
# Visual Studio Version 16
VisualStudioVersion = 16.0.31729.503
MinimumVisualStudioVersion = 10.0.40219.1
Project("{2150E333-8FDC-42A3-9474-1A3956D46DE8}") = "src", "src", "{25665533-0D0E-4DF4-8D67-5DEFD1B23115}"
EndProject
Project("{2150E333-8FDC-42A3-9474-1A3956D46DE8}") = "Core", "Core", "{A4712AF5-3C8E-408E-B969-C942883C95FE}"
EndProject
Project("{2150E333-8FDC-42A3-9474-1A3956D46DE8}") = "Application", "Application", "{D1A2B24C-E446-4E61-870F-AFD15B94F4AF}"
EndProject
Project("{2150E333-8FDC-42A3-9474-1A3956D46DE8}") = "Shared", "Shared", "{9AB1B029-B726-49EE-877B-4B5602A9D398}"
EndProject
Project("{FAE04EC0-301F-11D3-BF4B-00C04F79EFBC}") = "Bycoders.Api", "src\Application\Bycoders.Api\Bycoders.Api.csproj", "{F22DB68E-C557-4A65-986F-5D1C66D72ED1}"
EndProject
Project("{FAE04EC0-301F-11D3-BF4B-00C04F79EFBC}") = "Bycoders.Core", "src\Core\Bycoders.Core\Bycoders.Core.csproj", "{A8CBCC00-7EC1-44D3-B657-16A17819EA8B}"
EndProject
Project("{FAE04EC0-301F-11D3-BF4B-00C04F79EFBC}") = "Bycoders.Infrastructure", "src\Core\Bycoders.Infrastructure\Bycoders.Infrastructure.csproj", "{FD28894D-0D22-42F9-A7C5-F6F7B3F59780}"
EndProject
Project("{FAE04EC0-301F-11D3-BF4B-00C04F79EFBC}") = "Bycoders.Lib", "src\Shared\Bycoders.Lib\Bycoders.Lib.csproj", "{3C512F85-8909-4276-82FF-921F6BD8D9CE}"
EndProject
Global
	GlobalSection(SolutionConfigurationPlatforms) = preSolution
		Debug|Any CPU = Debug|Any CPU
		Release|Any CPU = Release|Any CPU
	EndGlobalSection
	GlobalSection(ProjectConfigurationPlatforms) = postSolution
		{F22DB68E-C557-4A65-986F-5D1C66D72ED1}.Debug|Any CPU.ActiveCfg = Debug|Any CPU
		{F22DB68E-C557-4A65-986F-5D1C66D72ED1}.Debug|Any CPU.Build.0 = Debug|Any CPU
		{F22DB68E-C557-4A65-986F-5D1C66D72ED1}.Release|Any CPU.ActiveCfg = Release|Any CPU
		{F22DB68E-C557-4A65-986F-5D1C66D72ED1}.Release|Any CPU.Build.0 = Release|Any CPU
		{A8CBCC00-7EC1-44D3-B657-16A17819EA8B}.Debug|Any CPU.ActiveCfg = Debug|Any CPU
		{A8CBCC00-7EC1-44D3-B657-16A17819EA8B}.Debug|Any CPU.Build.0 = Debug|Any CPU
		{A8CBCC00-7EC1-44D3-B657-16A17819EA8B}.Release|Any CPU.ActiveCfg = Release|Any CPU
		{A8CBCC00-7EC1-44D3-B657-16A17819EA8B}.Release|Any CPU.Build.0 = Release|Any CPU
		{FD28894D-0D22-42F9-A7C5-F6F7B3F59780}.Debug|Any CPU.ActiveCfg = Debug|Any CPU
		{FD28894D-0D22-42F9-A7C5-F6F7B3F59780}.Debug|Any CPU.Build.0 = Debug|Any CPU
		{FD28894D-0D22-42F9-A7C5-F6F7B3F59780}.Release|Any CPU.ActiveCfg = Release|Any CPU
		{FD28894D-0D22-42F9-A7C5-F6F7B3F59780}.Release|Any CPU.Build.0 = Release|Any CPU
		{3C512F85-8909-4276-82FF-921F6BD8D9CE}.Debug|Any CPU.ActiveCfg = Debug|Any CPU
		{3C512F85-8909-4276-82FF-921F6BD8D9CE}.Debug|Any CPU.Build.0 = Debug|Any CPU
		{3C512F85-8909-4276-82FF-921F6BD8D9CE}.Release|Any CPU.ActiveCfg = Release|Any CPU
		{3C512F85-8909-4276-82FF-921F6BD8D9CE}.Release|Any CPU.Build.0 = Release|Any CPU
	EndGlobalSection
	GlobalSection(SolutionProperties) = preSolution
		HideSolutionNode = FALSE
	EndGlobalSection
	GlobalSection(NestedProjects) = preSolution
		{A4712AF5-3C8E-408E-B969-C942883C95FE} = {25665533-0D0E-4DF4-8D67-5DEFD1B23115}
		{D1A2B24C-E446-4E61-870F-AFD15B94F4AF} = {25665533-0D0E-4DF4-8D67-5DEFD1B23115}
		{9AB1B029-B726-49EE-877B-4B5602A9D398} = {25665533-0D0E-4DF4-8D67-5DEFD1B23115}
		{F22DB68E-C557-4A65-986F-5D1C66D72ED1} = {D1A2B24C-E446-4E61-870F-AFD15B94F4AF}
		{A8CBCC00-7EC1-44D3-B657-16A17819EA8B} = {A4712AF5-3C8E-408E-B969-C942883C95FE}
		{FD28894D-0D22-42F9-A7C5-F6F7B3F59780} = {A4712AF5-3C8E-408E-B969-C942883C95FE}
		{3C512F85-8909-4276-82FF-921F6BD8D9CE} = {9AB1B029-B726-49EE-877B-4B5602A9D398}
	EndGlobalSection
	GlobalSection(ExtensibilityGlobals) = postSolution
		SolutionGuid = {F5D6B349-3F1C-473B-8BDC-6022DE552F47}
	EndGlobalSection
EndGlobal
